
Microsoft Visual Studio Solution File, Format Version 11.00
# Visual Studio 2010
Project("{FAE04EC0-301F-11D3-BF4B-00C04F79EFBC}") = "LDJam40", "Assembly-CSharp.csproj", "{06B7A49C-5D33-0F50-7741-D4E5CCC3D5AF}"
EndProject
Global
	GlobalSection(SolutionConfigurationPlatforms) = preSolution
		Debug|Any CPU = Debug|Any CPU
		Release|Any CPU = Release|Any CPU
	EndGlobalSection
	GlobalSection(ProjectConfigurationPlatforms) = postSolution
		{06B7A49C-5D33-0F50-7741-D4E5CCC3D5AF}.Debug|Any CPU.ActiveCfg = Debug|Any CPU
		{06B7A49C-5D33-0F50-7741-D4E5CCC3D5AF}.Debug|Any CPU.Build.0 = Debug|Any CPU
		{06B7A49C-5D33-0F50-7741-D4E5CCC3D5AF}.Release|Any CPU.ActiveCfg = Release|Any CPU
		{06B7A49C-5D33-0F50-7741-D4E5CCC3D5AF}.Release|Any CPU.Build.0 = Release|Any CPU
	EndGlobalSection
	GlobalSection(SolutionProperties) = preSolution
		HideSolutionNode = FALSE
	EndGlobalSection
	GlobalSection(MonoDevelopProperties) = preSolution
		StartupItem = Assembly-CSharp.csproj
	EndGlobalSection
EndGlobal
